
Microsoft Visual Studio Solution File, Format Version 12.00
# Visual Studio Express 2013 for Windows Desktop
VisualStudioVersion = 12.0.31101.0
MinimumVisualStudioVersion = 10.0.40219.1
Project("{8BC9CEB8-8B4A-11D0-8D11-00A0C91BC942}") = "Networking", "Networking\Networking.vcxproj", "{549A6A12-7ECC-413B-8F28-F1A4652C4561}"
EndProject
Project("{8BC9CEB8-8B4A-11D0-8D11-00A0C91BC942}") = "Configurations", "Configurations\Configurations.vcxproj", "{4D15BC02-22F8-4456-B31F-084500575D5C}"
EndProject
Project("{8BC9CEB8-8B4A-11D0-8D11-00A0C91BC942}") = "BroadcastRelay", "BroadcastRelay\BroadcastRelay.vcxproj", "{B132BD40-5A72-4A4E-B017-0B1B442EFC9B}"
EndProject
Project("{FAE04EC0-301F-11D3-BF4B-00C04F79EFBC}") = "DebugConsole", "DebugConsole\DebugConsole.csproj", "{BE66BD3B-DCF5-4724-BF20-9A91CFCA466A}"
EndProject
Global
	GlobalSection(SolutionConfigurationPlatforms) = preSolution
		Debug|Win32 = Debug|Win32
		Release|Win32 = Release|Win32
	EndGlobalSection
	GlobalSection(ProjectConfigurationPlatforms) = postSolution
		{549A6A12-7ECC-413B-8F28-F1A4652C4561}.Debug|Win32.ActiveCfg = Debug|Win32
		{549A6A12-7ECC-413B-8F28-F1A4652C4561}.Debug|Win32.Build.0 = Debug|Win32
		{549A6A12-7ECC-413B-8F28-F1A4652C4561}.Release|Win32.ActiveCfg = Release|Win32
		{549A6A12-7ECC-413B-8F28-F1A4652C4561}.Release|Win32.Build.0 = Release|Win32
		{4D15BC02-22F8-4456-B31F-084500575D5C}.Debug|Win32.ActiveCfg = Debug|Win32
		{4D15BC02-22F8-4456-B31F-084500575D5C}.Debug|Win32.Build.0 = Debug|Win32
		{4D15BC02-22F8-4456-B31F-084500575D5C}.Release|Win32.ActiveCfg = Release|Win32
		{4D15BC02-22F8-4456-B31F-084500575D5C}.Release|Win32.Build.0 = Release|Win32
		{B132BD40-5A72-4A4E-B017-0B1B442EFC9B}.Debug|Win32.ActiveCfg = Debug|Win32
		{B132BD40-5A72-4A4E-B017-0B1B442EFC9B}.Debug|Win32.Build.0 = Debug|Win32
		{B132BD40-5A72-4A4E-B017-0B1B442EFC9B}.Release|Win32.ActiveCfg = Release|Win32
		{B132BD40-5A72-4A4E-B017-0B1B442EFC9B}.Release|Win32.Build.0 = Release|Win32
		{BE66BD3B-DCF5-4724-BF20-9A91CFCA466A}.Debug|Win32.ActiveCfg = Debug|x86
		{BE66BD3B-DCF5-4724-BF20-9A91CFCA466A}.Debug|Win32.Build.0 = Debug|x86
		{BE66BD3B-DCF5-4724-BF20-9A91CFCA466A}.Release|Win32.ActiveCfg = Release|x86
		{BE66BD3B-DCF5-4724-BF20-9A91CFCA466A}.Release|Win32.Build.0 = Release|x86
	EndGlobalSection
	GlobalSection(SolutionProperties) = preSolution
		HideSolutionNode = FALSE
	EndGlobalSection
EndGlobal
